
Microsoft Visual Studio Solution File, Format Version 12.00
# Visual Studio Version 16
VisualStudioVersion = 16.0.32510.428
MinimumVisualStudioVersion = 10.0.40219.1
Project("{FAE04EC0-301F-11D3-BF4B-00C04F79EFBC}") = "Taskbar", "Taskbar\Taskbar.csproj", "{690502DA-78F4-422D-A111-6071B2708921}"
EndProject
Project("{54435603-DBB4-11D2-8724-00A0C9A8B90C}") = "Installer", "Installer\Installer.vdproj", "{1CED6996-21F4-4192-B192-05D7BC9B6BAD}"
EndProject
Global
	GlobalSection(SolutionConfigurationPlatforms) = preSolution
		Debug|Any CPU = Debug|Any CPU
		Release|Any CPU = Release|Any CPU
	EndGlobalSection
	GlobalSection(ProjectConfigurationPlatforms) = postSolution
		{690502DA-78F4-422D-A111-6071B2708921}.Debug|Any CPU.ActiveCfg = Debug|Any CPU
		{690502DA-78F4-422D-A111-6071B2708921}.Debug|Any CPU.Build.0 = Debug|Any CPU
		{690502DA-78F4-422D-A111-6071B2708921}.Release|Any CPU.ActiveCfg = Release|Any CPU
		{690502DA-78F4-422D-A111-6071B2708921}.Release|Any CPU.Build.0 = Release|Any CPU
		{1CED6996-21F4-4192-B192-05D7BC9B6BAD}.Debug|Any CPU.ActiveCfg = Debug
		{1CED6996-21F4-4192-B192-05D7BC9B6BAD}.Debug|Any CPU.Build.0 = Debug
		{1CED6996-21F4-4192-B192-05D7BC9B6BAD}.Release|Any CPU.ActiveCfg = Release
		{1CED6996-21F4-4192-B192-05D7BC9B6BAD}.Release|Any CPU.Build.0 = Release
	EndGlobalSection
	GlobalSection(SolutionProperties) = preSolution
		HideSolutionNode = FALSE
	EndGlobalSection
	GlobalSection(ExtensibilityGlobals) = postSolution
		SolutionGuid = {622D93AB-72F6-4E47-9208-C5489D0FDD75}
	EndGlobalSection
EndGlobal
